
Microsoft Visual Studio Solution File, Format Version 12.00
# Visual Studio Version 17
VisualStudioVersion = 17.4.33213.308
MinimumVisualStudioVersion = 10.0.40219.1
Project("{9A19103F-16F7-4668-BE54-9A1E7A4F7556}") = "NotziAPI-WebApp", "NotziAPI-WebApp\NotziAPI-WebApp.csproj", "{C76D5A5E-6B6E-4928-ADA5-552B0364EFAB}"
EndProject
Global
	GlobalSection(SolutionConfigurationPlatforms) = preSolution
		Debug|Any CPU = Debug|Any CPU
		Release|Any CPU = Release|Any CPU
	EndGlobalSection
	GlobalSection(ProjectConfigurationPlatforms) = postSolution
		{C76D5A5E-6B6E-4928-ADA5-552B0364EFAB}.Debug|Any CPU.ActiveCfg = Debug|Any CPU
		{C76D5A5E-6B6E-4928-ADA5-552B0364EFAB}.Debug|Any CPU.Build.0 = Debug|Any CPU
		{C76D5A5E-6B6E-4928-ADA5-552B0364EFAB}.Release|Any CPU.ActiveCfg = Release|Any CPU
		{C76D5A5E-6B6E-4928-ADA5-552B0364EFAB}.Release|Any CPU.Build.0 = Release|Any CPU
	EndGlobalSection
	GlobalSection(SolutionProperties) = preSolution
		HideSolutionNode = FALSE
	EndGlobalSection
	GlobalSection(ExtensibilityGlobals) = postSolution
		SolutionGuid = {65BC4D27-FA3B-4AB4-8120-582916911FAA}
	EndGlobalSection
EndGlobal
